# This file was autogenerated by Stack.
# You should not edit this file by hand.
# For more information, please see the documentation at:
#   https://docs.haskellstack.org/en/stable/topics/lock_files

packages: []
snapshots:
- completed:
    sha256: fbbabdf9c9b45c02f711273d5688decfc62c5592f92a8b59b54f70fb85e54b4f
    size: 637508
    url: https://raw.githubusercontent.com/commercialhaskell/stackage-snapshots/master/nightly/2025/1/31.yaml
  original: nightly-2025-01-31
